// !$*UTF8*$!
{
	archiveVersion = 1;
	classes = {
	};
	objectVersion = 60;
	objects = {

/* Begin PBXBuildFile section */
		460BF34E2C99D79D0083F6C5 /* TreeServices in Frameworks */ = {isa = PBXBuildFile; productRef = 460BF34D2C99D79D0083F6C5 /* TreeServices */; };
		460BF3512C9ACE780083F6C5 /* TreeState.swift in Sources */ = {isa = PBXBuildFile; fileRef = 460BF3502C9ACE780083F6C5 /* TreeState.swift */; };
		460BF3542C9ACEED0083F6C5 /* Tree.swift in Sources */ = {isa = PBXBuildFile; fileRef = 460BF3532C9ACEED0083F6C5 /* Tree.swift */; };
		460BF3572C9ACF920083F6C5 /* TreeViewModel.swift in Sources */ = {isa = PBXBuildFile; fileRef = 460BF3562C9ACF920083F6C5 /* TreeViewModel.swift */; };
		460BF35A2C9AD08F0083F6C5 /* TreeDetail.swift in Sources */ = {isa = PBXBuildFile; fileRef = 460BF3592C9AD08F0083F6C5 /* TreeDetail.swift */; };
		46319DF82C9866A5009DB187 /* TreeMVPApp.swift in Sources */ = {isa = PBXBuildFile; fileRef = 46319DF72C9866A5009DB187 /* TreeMVPApp.swift */; };
		46319DFA2C9866A5009DB187 /* ContentView.swift in Sources */ = {isa = PBXBuildFile; fileRef = 46319DF92C9866A5009DB187 /* ContentView.swift */; };
		46319DFC2C9866A6009DB187 /* Assets.xcassets in Resources */ = {isa = PBXBuildFile; fileRef = 46319DFB2C9866A6009DB187 /* Assets.xcassets */; };
		46319DFF2C9866A6009DB187 /* Preview Assets.xcassets in Resources */ = {isa = PBXBuildFile; fileRef = 46319DFE2C9866A6009DB187 /* Preview Assets.xcassets */; };
/* End PBXBuildFile section */

/* Begin PBXFileReference section */
		460BF3502C9ACE780083F6C5 /* TreeState.swift */ = {isa = PBXFileReference; lastKnownFileType = sourcecode.swift; path = TreeState.swift; sourceTree = "<group>"; };
		460BF3532C9ACEED0083F6C5 /* Tree.swift */ = {isa = PBXFileReference; fileEncoding = 4; lastKnownFileType = sourcecode.swift; name = Tree.swift; path = ../../../TreeVIP/TreeVIP/Model/Tree.swift; sourceTree = "<group>"; };
		460BF3562C9ACF920083F6C5 /* TreeViewModel.swift */ = {isa = PBXFileReference; lastKnownFileType = sourcecode.swift; path = TreeViewModel.swift; sourceTree = "<group>"; };
		460BF3592C9AD08F0083F6C5 /* TreeDetail.swift */ = {isa = PBXFileReference; fileEncoding = 4; lastKnownFileType = sourcecode.swift; name = TreeDetail.swift; path = ../../../TreeVIP/TreeVIP/View/TreeDetail.swift; sourceTree = "<group>"; };
		46319DF42C9866A5009DB187 /* TreeMVP.app */ = {isa = PBXFileReference; explicitFileType = wrapper.application; includeInIndex = 0; path = TreeMVP.app; sourceTree = BUILT_PRODUCTS_DIR; };
		46319DF72C9866A5009DB187 /* TreeMVPApp.swift */ = {isa = PBXFileReference; lastKnownFileType = sourcecode.swift; path = TreeMVPApp.swift; sourceTree = "<group>"; };
		46319DF92C9866A5009DB187 /* ContentView.swift */ = {isa = PBXFileReference; lastKnownFileType = sourcecode.swift; path = ContentView.swift; sourceTree = "<group>"; };
		46319DFB2C9866A6009DB187 /* Assets.xcassets */ = {isa = PBXFileReference; lastKnownFileType = folder.assetcatalog; path = Assets.xcassets; sourceTree = "<group>"; };
		46319DFE2C9866A6009DB187 /* Preview Assets.xcassets */ = {isa = PBXFileReference; lastKnownFileType = folder.assetcatalog; path = "Preview Assets.xcassets"; sourceTree = "<group>"; };
/* End PBXFileReference section */

/* Begin PBXFrameworksBuildPhase section */
		46319DF12C9866A5009DB187 /* Frameworks */ = {
			isa = PBXFrameworksBuildPhase;
			buildActionMask = 2147483647;
			files = (
				460BF34E2C99D79D0083F6C5 /* TreeServices in Frameworks */,
			);
			runOnlyForDeploymentPostprocessing = 0;
		};
/* End PBXFrameworksBuildPhase section */

/* Begin PBXGroup section */
		460BF34F2C9ACE710083F6C5 /* State */ = {
			isa = PBXGroup;
			children = (
				460BF3502C9ACE780083F6C5 /* TreeState.swift */,
			);
			path = State;
			sourceTree = "<group>";
		};
		460BF3522C9ACEDD0083F6C5 /* Model */ = {
			isa = PBXGroup;
			children = (
				460BF3532C9ACEED0083F6C5 /* Tree.swift */,
			);
			path = Model;
			sourceTree = "<group>";
		};
		460BF3552C9ACF860083F6C5 /* ViewModel */ = {
			isa = PBXGroup;
			children = (
				460BF3562C9ACF920083F6C5 /* TreeViewModel.swift */,
			);
			path = ViewModel;
			sourceTree = "<group>";
		};
		460BF3582C9AD0730083F6C5 /* View */ = {
			isa = PBXGroup;
			children = (
				460BF3592C9AD08F0083F6C5 /* TreeDetail.swift */,
				46319DF92C9866A5009DB187 /* ContentView.swift */,
			);
			path = View;
			sourceTree = "<group>";
		};
		46319DEB2C9866A5009DB187 = {
			isa = PBXGroup;
			children = (
				46319DF62C9866A5009DB187 /* TreeMVP */,
				46319DF52C9866A5009DB187 /* Products */,
			);
			sourceTree = "<group>";
		};
		46319DF52C9866A5009DB187 /* Products */ = {
			isa = PBXGroup;
			children = (
				46319DF42C9866A5009DB187 /* TreeMVP.app */,
			);
			name = Products;
			sourceTree = "<group>";
		};
		46319DF62C9866A5009DB187 /* TreeMVP */ = {
			isa = PBXGroup;
			children = (
				460BF3522C9ACEDD0083F6C5 /* Model */,
				460BF3582C9AD0730083F6C5 /* View */,
				460BF3552C9ACF860083F6C5 /* ViewModel */,
				460BF34F2C9ACE710083F6C5 /* State */,
				46319DF72C9866A5009DB187 /* TreeMVPApp.swift */,
				46319DFB2C9866A6009DB187 /* Assets.xcassets */,
				46319DFD2C9866A6009DB187 /* Preview Content */,
			);
			path = TreeMVP;
			sourceTree = "<group>";
		};
		46319DFD2C9866A6009DB187 /* Preview Content */ = {
			isa = PBXGroup;
			children = (
				46319DFE2C9866A6009DB187 /* Preview Assets.xcassets */,
			);
			path = "Preview Content";
			sourceTree = "<group>";
		};
/* End PBXGroup section */

/* Begin PBXNativeTarget section */
		46319DF32C9866A5009DB187 /* TreeMVP */ = {
			isa = PBXNativeTarget;
			buildConfigurationList = 46319E022C9866A6009DB187 /* Build configuration list for PBXNativeTarget "TreeMVP" */;
			buildPhases = (
				46319DF02C9866A5009DB187 /* Sources */,
				46319DF12C9866A5009DB187 /* Frameworks */,
				46319DF22C9866A5009DB187 /* Resources */,
			);
			buildRules = (
			);
			dependencies = (
			);
			name = TreeMVP;
			packageProductDependencies = (
				460BF34D2C99D79D0083F6C5 /* TreeServices */,
			);
			productName = TreeMVP;
			productReference = 46319DF42C9866A5009DB187 /* TreeMVP.app */;
			productType = "com.apple.product-type.application";
		};
/* End PBXNativeTarget section */

/* Begin PBXProject section */
		46319DEC2C9866A5009DB187 /* Project object */ = {
			isa = PBXProject;
			attributes = {
				BuildIndependentTargetsInParallel = 1;
				LastSwiftUpdateCheck = 1520;
				LastUpgradeCheck = 1520;
				TargetAttributes = {
					46319DF32C9866A5009DB187 = {
						CreatedOnToolsVersion = 15.2;
					};
				};
			};
			buildConfigurationList = 46319DEF2C9866A5009DB187 /* Build configuration list for PBXProject "TreeMVP" */;
			compatibilityVersion = "Xcode 14.0";
			developmentRegion = en;
			hasScannedForEncodings = 0;
			knownRegions = (
				en,
				Base,
			);
			mainGroup = 46319DEB2C9866A5009DB187;
			packageReferences = (
				460BF34C2C99D79D0083F6C5 /* XCLocalSwiftPackageReference "../TreeServices" */,
			);
			productRefGroup = 46319DF52C9866A5009DB187 /* Products */;
			projectDirPath = "";
			projectRoot = "";
			targets = (
				46319DF32C9866A5009DB187 /* TreeMVP */,
			);
		};
/* End PBXProject section */

/* Begin PBXResourcesBuildPhase section */
		46319DF22C9866A5009DB187 /* Resources */ = {
			isa = PBXResourcesBuildPhase;
			buildActionMask = 2147483647;
			files = (
				46319DFF2C9866A6009DB187 /* Preview Assets.xcassets in Resources */,
				46319DFC2C9866A6009DB187 /* Assets.xcassets in Resources */,
			);
			runOnlyForDeploymentPostprocessing = 0;
		};
/* End PBXResourcesBuildPhase section */

/* Begin PBXSourcesBuildPhase section */
		46319DF02C9866A5009DB187 /* Sources */ = {
			isa = PBXSourcesBuildPhase;
			buildActionMask = 2147483647;
			files = (
				46319DFA2C9866A5009DB187 /* ContentView.swift in Sources */,
				460BF3542C9ACEED0083F6C5 /* Tree.swift in Sources */,
				460BF3572C9ACF920083F6C5 /* TreeViewModel.swift in Sources */,
				460BF3512C9ACE780083F6C5 /* TreeState.swift in Sources */,
				460BF35A2C9AD08F0083F6C5 /* TreeDetail.swift in Sources */,
				46319DF82C9866A5009DB187 /* TreeMVPApp.swift in Sources */,
			);
			runOnlyForDeploymentPostprocessing = 0;
		};
/* End PBXSourcesBuildPhase section */

/* Begin XCBuildConfiguration section */
		46319E002C9866A6009DB187 /* Debug */ = {
			isa = XCBuildConfiguration;
			buildSettings = {
				ALWAYS_SEARCH_USER_PATHS = NO;
				ASSETCATALOG_COMPILER_GENERATE_SWIFT_ASSET_SYMBOL_EXTENSIONS = YES;
				CLANG_ANALYZER_NONNULL = YES;
				CLANG_ANALYZER_NUMBER_OBJECT_CONVERSION = YES_AGGRESSIVE;
				CLANG_CXX_LANGUAGE_STANDARD = "gnu++20";
				CLANG_ENABLE_MODULES = YES;
				CLANG_ENABLE_OBJC_ARC = YES;
				CLANG_ENABLE_OBJC_WEAK = YES;
				CLANG_WARN_BLOCK_CAPTURE_AUTORELEASING = YES;
				CLANG_WARN_BOOL_CONVERSION = YES;
				CLANG_WARN_COMMA = YES;
				CLANG_WARN_CONSTANT_CONVERSION = YES;
				CLANG_WARN_DEPRECATED_OBJC_IMPLEMENTATIONS = YES;
				CLANG_WARN_DIRECT_OBJC_ISA_USAGE = YES_ERROR;
				CLANG_WARN_DOCUMENTATION_COMMENTS = YES;
				CLANG_WARN_EMPTY_BODY = YES;
				CLANG_WARN_ENUM_CONVERSION = YES;
				CLANG_WARN_INFINITE_RECURSION = YES;
				CLANG_WARN_INT_CONVERSION = YES;
				CLANG_WARN_NON_LITERAL_NULL_CONVERSION = YES;
				CLANG_WARN_OBJC_IMPLICIT_RETAIN_SELF = YES;
				CLANG_WARN_OBJC_LITERAL_CONVERSION = YES;
				CLANG_WARN_OBJC_ROOT_CLASS = YES_ERROR;
				CLANG_WARN_QUOTED_INCLUDE_IN_FRAMEWORK_HEADER = YES;
				CLANG_WARN_RANGE_LOOP_ANALYSIS = YES;
				CLANG_WARN_STRICT_PROTOTYPES = YES;
				CLANG_WARN_SUSPICIOUS_MOVE = YES;
				CLANG_WARN_UNGUARDED_AVAILABILITY = YES_AGGRESSIVE;
				CLANG_WARN_UNREACHABLE_CODE = YES;
				CLANG_WARN__DUPLICATE_METHOD_MATCH = YES;
				COPY_PHASE_STRIP = NO;
				DEBUG_INFORMATION_FORMAT = dwarf;
				ENABLE_STRICT_OBJC_MSGSEND = YES;
				ENABLE_TESTABILITY = YES;
				ENABLE_USER_SCRIPT_SANDBOXING = YES;
				GCC_C_LANGUAGE_STANDARD = gnu17;
				GCC_DYNAMIC_NO_PIC = NO;
				GCC_NO_COMMON_BLOCKS = YES;
				GCC_OPTIMIZATION_LEVEL = 0;
				GCC_PREPROCESSOR_DEFINITIONS = (
					"DEBUG=1",
					"$(inherited)",
				);
				GCC_WARN_64_TO_32_BIT_CONVERSION = YES;
				GCC_WARN_ABOUT_RETURN_TYPE = YES_ERROR;
				GCC_WARN_UNDECLARED_SELECTOR = YES;
				GCC_WARN_UNINITIALIZED_AUTOS = YES_AGGRESSIVE;
				GCC_WARN_UNUSED_FUNCTION = YES;
				GCC_WARN_UNUSED_VARIABLE = YES;
				IPHONEOS_DEPLOYMENT_TARGET = 17.2;
				LOCALIZATION_PREFERS_STRING_CATALOGS = YES;
				MTL_ENABLE_DEBUG_INFO = INCLUDE_SOURCE;
				MTL_FAST_MATH = YES;
				ONLY_ACTIVE_ARCH = YES;
				SDKROOT = iphoneos;
				SWIFT_ACTIVE_COMPILATION_CONDITIONS = "DEBUG $(inherited)";
				SWIFT_OPTIMIZATION_LEVEL = "-Onone";
			};
			name = Debug;
		};
		46319E012C9866A6009DB187 /* Release */ = {
			isa = XCBuildConfiguration;
			buildSettings = {
				ALWAYS_SEARCH_USER_PATHS = NO;
				ASSETCATALOG_COMPILER_GENERATE_SWIFT_ASSET_SYMBOL_EXTENSIONS = YES;
				CLANG_ANALYZER_NONNULL = YES;
				CLANG_ANALYZER_NUMBER_OBJECT_CONVERSION = YES_AGGRESSIVE;
				CLANG_CXX_LANGUAGE_STANDARD = "gnu++20";
				CLANG_ENABLE_MODULES = YES;
				CLANG_ENABLE_OBJC_ARC = YES;
				CLANG_ENABLE_OBJC_WEAK = YES;
				CLANG_WARN_BLOCK_CAPTURE_AUTORELEASING = YES;
				CLANG_WARN_BOOL_CONVERSION = YES;
				CLANG_WARN_COMMA = YES;
				CLANG_WARN_CONSTANT_CONVERSION = YES;
				CLANG_WARN_DEPRECATED_OBJC_IMPLEMENTATIONS = YES;
				CLANG_WARN_DIRECT_OBJC_ISA_USAGE = YES_ERROR;
				CLANG_WARN_DOCUMENTATION_COMMENTS = YES;
				CLANG_WARN_EMPTY_BODY = YES;
				CLANG_WARN_ENUM_CONVERSION = YES;
				CLANG_WARN_INFINITE_RECURSION = YES;
				CLANG_WARN_INT_CONVERSION = YES;
				CLANG_WARN_NON_LITERAL_NULL_CONVERSION = YES;
				CLANG_WARN_OBJC_IMPLICIT_RETAIN_SELF = YES;
				CLANG_WARN_OBJC_LITERAL_CONVERSION = YES;
				CLANG_WARN_OBJC_ROOT_CLASS = YES_ERROR;
				CLANG_WARN_QUOTED_INCLUDE_IN_FRAMEWORK_HEADER = YES;
				CLANG_WARN_RANGE_LOOP_ANALYSIS = YES;
				CLANG_WARN_STRICT_PROTOTYPES = YES;
				CLANG_WARN_SUSPICIOUS_MOVE = YES;
				CLANG_WARN_UNGUARDED_AVAILABILITY = YES_AGGRESSIVE;
				CLANG_WARN_UNREACHABLE_CODE = YES;
				CLANG_WARN__DUPLICATE_METHOD_MATCH = YES;
				COPY_PHASE_STRIP = NO;
				DEBUG_INFORMATION_FORMAT = "dwarf-with-dsym";
				ENABLE_NS_ASSERTIONS = NO;
				ENABLE_STRICT_OBJC_MSGSEND = YES;
				ENABLE_USER_SCRIPT_SANDBOXING = YES;
				GCC_C_LANGUAGE_STANDARD = gnu17;
				GCC_NO_COMMON_BLOCKS = YES;
				GCC_WARN_64_TO_32_BIT_CONVERSION = YES;
				GCC_WARN_ABOUT_RETURN_TYPE = YES_ERROR;
				GCC_WARN_UNDECLARED_SELECTOR = YES;
				GCC_WARN_UNINITIALIZED_AUTOS = YES_AGGRESSIVE;
				GCC_WARN_UNUSED_FUNCTION = YES;
				GCC_WARN_UNUSED_VARIABLE = YES;
				IPHONEOS_DEPLOYMENT_TARGET = 17.2;
				LOCALIZATION_PREFERS_STRING_CATALOGS = YES;
				MTL_ENABLE_DEBUG_INFO = NO;
				MTL_FAST_MATH = YES;
				SDKROOT = iphoneos;
				SWIFT_COMPILATION_MODE = wholemodule;
				VALIDATE_PRODUCT = YES;
			};
			name = Release;
		};
		46319E032C9866A6009DB187 /* Debug */ = {
			isa = XCBuildConfiguration;
			buildSettings = {
				ASSETCATALOG_COMPILER_APPICON_NAME = AppIcon;
				ASSETCATALOG_COMPILER_GLOBAL_ACCENT_COLOR_NAME = AccentColor;
				CODE_SIGN_STYLE = Automatic;
				CURRENT_PROJECT_VERSION = 1;
				DEVELOPMENT_ASSET_PATHS = "\"TreeMVP/Preview Content\"";
				DEVELOPMENT_TEAM = 42AS9PSWTA;
				ENABLE_PREVIEWS = YES;
				GENERATE_INFOPLIST_FILE = YES;
				INFOPLIST_KEY_UIApplicationSceneManifest_Generation = YES;
				INFOPLIST_KEY_UIApplicationSupportsIndirectInputEvents = YES;
				INFOPLIST_KEY_UILaunchScreen_Generation = YES;
				INFOPLIST_KEY_UISupportedInterfaceOrientations = UIInterfaceOrientationPortrait;
				INFOPLIST_KEY_UISupportedInterfaceOrientations_iPad = "UIInterfaceOrientationLandscapeLeft UIInterfaceOrientationLandscapeRight UIInterfaceOrientationPortrait UIInterfaceOrientationPortraitUpsideDown";
				LD_RUNPATH_SEARCH_PATHS = (
					"$(inherited)",
					"@executable_path/Frameworks",
				);
				MARKETING_VERSION = 1.0;
				PRODUCT_BUNDLE_IDENTIFIER = com.yonaeltordjman.TreeMVP;
				PRODUCT_NAME = "$(TARGET_NAME)";
				SUPPORTED_PLATFORMS = "iphoneos iphonesimulator";
				SUPPORTS_MACCATALYST = NO;
				SUPPORTS_MAC_DESIGNED_FOR_IPHONE_IPAD = NO;
				SUPPORTS_XR_DESIGNED_FOR_IPHONE_IPAD = NO;
				SWIFT_EMIT_LOC_STRINGS = YES;
				SWIFT_VERSION = 5.0;
				TARGETED_DEVICE_FAMILY = 1;
			};
			name = Debug;
		};
		46319E042C9866A6009DB187 /* Release */ = {
			isa = XCBuildConfiguration;
			buildSettings = {
				ASSETCATALOG_COMPILER_APPICON_NAME = AppIcon;
				ASSETCATALOG_COMPILER_GLOBAL_ACCENT_COLOR_NAME = AccentColor;
				CODE_SIGN_STYLE = Automatic;
				CURRENT_PROJECT_VERSION = 1;
				DEVELOPMENT_ASSET_PATHS = "\"TreeMVP/Preview Content\"";
				DEVELOPMENT_TEAM = 42AS9PSWTA;
				ENABLE_PREVIEWS = YES;
				GENERATE_INFOPLIST_FILE = YES;
				INFOPLIST_KEY_UIApplicationSceneManifest_Generation = YES;
				INFOPLIST_KEY_UIApplicationSupportsIndirectInputEvents = YES;
				INFOPLIST_KEY_UILaunchScreen_Generation = YES;
				INFOPLIST_KEY_UISupportedInterfaceOrientations = UIInterfaceOrientationPortrait;
				INFOPLIST_KEY_UISupportedInterfaceOrientations_iPad = "UIInterfaceOrientationLandscapeLeft UIInterfaceOrientationLandscapeRight UIInterfaceOrientationPortrait UIInterfaceOrientationPortraitUpsideDown";
				LD_RUNPATH_SEARCH_PATHS = (
					"$(inherited)",
					"@executable_path/Frameworks",
				);
				MARKETING_VERSION = 1.0;
				PRODUCT_BUNDLE_IDENTIFIER = com.yonaeltordjman.TreeMVP;
				PRODUCT_NAME = "$(TARGET_NAME)";
				SUPPORTED_PLATFORMS = "iphoneos iphonesimulator";
				SUPPORTS_MACCATALYST = NO;
				SUPPORTS_MAC_DESIGNED_FOR_IPHONE_IPAD = NO;
				SUPPORTS_XR_DESIGNED_FOR_IPHONE_IPAD = NO;
				SWIFT_EMIT_LOC_STRINGS = YES;
				SWIFT_VERSION = 5.0;
				TARGETED_DEVICE_FAMILY = 1;
			};
			name = Release;
		};
/* End XCBuildConfiguration section */

/* Begin XCConfigurationList section */
		46319DEF2C9866A5009DB187 /* Build configuration list for PBXProject "TreeMVP" */ = {
			isa = XCConfigurationList;
			buildConfigurations = (
				46319E002C9866A6009DB187 /* Debug */,
				46319E012C9866A6009DB187 /* Release */,
			);
			defaultConfigurationIsVisible = 0;
			defaultConfigurationName = Release;
		};
		46319E022C9866A6009DB187 /* Build configuration list for PBXNativeTarget "TreeMVP" */ = {
			isa = XCConfigurationList;
			buildConfigurations = (
				46319E032C9866A6009DB187 /* Debug */,
				46319E042C9866A6009DB187 /* Release */,
			);
			defaultConfigurationIsVisible = 0;
			defaultConfigurationName = Release;
		};
/* End XCConfigurationList section */

/* Begin XCLocalSwiftPackageReference section */
		460BF34C2C99D79D0083F6C5 /* XCLocalSwiftPackageReference "../TreeServices" */ = {
			isa = XCLocalSwiftPackageReference;
			relativePath = ../TreeServices;
		};
/* End XCLocalSwiftPackageReference section */

/* Begin XCSwiftPackageProductDependency section */
		460BF34D2C99D79D0083F6C5 /* TreeServices */ = {
			isa = XCSwiftPackageProductDependency;
			productName = TreeServices;
		};
/* End XCSwiftPackageProductDependency section */
	};
	rootObject = 46319DEC2C9866A5009DB187 /* Project object */;
}
